
Microsoft Visual Studio Solution File, Format Version 12.00
# Visual Studio Version 16
VisualStudioVersion = 16.0.30611.23
MinimumVisualStudioVersion = 10.0.40219.1
Project("{FAE04EC0-301F-11D3-BF4B-00C04F79EFBC}") = "Lec09", "Lec09\Lec09.csproj", "{61CFE3B0-AE1B-4C9E-8CA7-6DAD9F86BE3C}"
EndProject
Global
	GlobalSection(SolutionConfigurationPlatforms) = preSolution
		Debug|Any CPU = Debug|Any CPU
		Release|Any CPU = Release|Any CPU
	EndGlobalSection
	GlobalSection(ProjectConfigurationPlatforms) = postSolution
		{61CFE3B0-AE1B-4C9E-8CA7-6DAD9F86BE3C}.Debug|Any CPU.ActiveCfg = Debug|Any CPU
		{61CFE3B0-AE1B-4C9E-8CA7-6DAD9F86BE3C}.Debug|Any CPU.Build.0 = Debug|Any CPU
		{61CFE3B0-AE1B-4C9E-8CA7-6DAD9F86BE3C}.Release|Any CPU.ActiveCfg = Release|Any CPU
		{61CFE3B0-AE1B-4C9E-8CA7-6DAD9F86BE3C}.Release|Any CPU.Build.0 = Release|Any CPU
	EndGlobalSection
	GlobalSection(SolutionProperties) = preSolution
		HideSolutionNode = FALSE
	EndGlobalSection
	GlobalSection(ExtensibilityGlobals) = postSolution
		SolutionGuid = {8486CC06-16B5-4ECB-A600-9EDF4780DFE9}
	EndGlobalSection
EndGlobal
